
Microsoft Visual Studio Solution File, Format Version 12.00
# Visual Studio 15
Project("{FAE04EC0-301F-11D3-BF4B-00C04F79EFBC}") = "Assembly-CSharp", "Assembly-CSharp.csproj", "{7A7D9EAC-BC3B-6B01-F2EC-64A9F7895482}"
EndProject
Global
	GlobalSection(SolutionConfigurationPlatforms) = preSolution
		Debug|Any CPU = Debug|Any CPU
		Release|Any CPU = Release|Any CPU
	EndGlobalSection
	GlobalSection(ProjectConfigurationPlatforms) = postSolution
		{7A7D9EAC-BC3B-6B01-F2EC-64A9F7895482}.Debug|Any CPU.ActiveCfg = Debug|Any CPU
		{7A7D9EAC-BC3B-6B01-F2EC-64A9F7895482}.Debug|Any CPU.Build.0 = Debug|Any CPU
		{7A7D9EAC-BC3B-6B01-F2EC-64A9F7895482}.Release|Any CPU.ActiveCfg = Release|Any CPU
		{7A7D9EAC-BC3B-6B01-F2EC-64A9F7895482}.Release|Any CPU.Build.0 = Release|Any CPU
	EndGlobalSection
	GlobalSection(SolutionProperties) = preSolution
		HideSolutionNode = FALSE
	EndGlobalSection
EndGlobal
